
Microsoft Visual Studio Solution File, Format Version 12.00
# Visual Studio Version 16
VisualStudioVersion = 16.0.29020.237
MinimumVisualStudioVersion = 10.0.40219.1
Project("{8BC9CEB8-8B4A-11D0-8D11-00A0C91BC942}") = "zad1", "zad1\zad1.vcxproj", "{2EB80181-1DFF-4432-88CB-D53A795FFEED}"
EndProject
Global
	GlobalSection(SolutionConfigurationPlatforms) = preSolution
		Debug|x64 = Debug|x64
		Debug|x86 = Debug|x86
		Release|x64 = Release|x64
		Release|x86 = Release|x86
	EndGlobalSection
	GlobalSection(ProjectConfigurationPlatforms) = postSolution
		{2EB80181-1DFF-4432-88CB-D53A795FFEED}.Debug|x64.ActiveCfg = Debug|x64
		{2EB80181-1DFF-4432-88CB-D53A795FFEED}.Debug|x64.Build.0 = Debug|x64
		{2EB80181-1DFF-4432-88CB-D53A795FFEED}.Debug|x86.ActiveCfg = Debug|Win32
		{2EB80181-1DFF-4432-88CB-D53A795FFEED}.Debug|x86.Build.0 = Debug|Win32
		{2EB80181-1DFF-4432-88CB-D53A795FFEED}.Release|x64.ActiveCfg = Release|x64
		{2EB80181-1DFF-4432-88CB-D53A795FFEED}.Release|x64.Build.0 = Release|x64
		{2EB80181-1DFF-4432-88CB-D53A795FFEED}.Release|x86.ActiveCfg = Release|Win32
		{2EB80181-1DFF-4432-88CB-D53A795FFEED}.Release|x86.Build.0 = Release|Win32
	EndGlobalSection
	GlobalSection(SolutionProperties) = preSolution
		HideSolutionNode = FALSE
	EndGlobalSection
	GlobalSection(ExtensibilityGlobals) = postSolution
		SolutionGuid = {56A1E3FA-6E7D-4CD8-A508-6F3B5F97F6C8}
	EndGlobalSection
EndGlobal
